{
    "_meta": {
        "hash": {
            "sha256": "f0d0e8e7b7045508fb19ec0a24b18fb48420c8b216e7a0532534e1d71c01e64b"
        },
        "pipfile-spec": 6,
        "requires": {
            "python_version": "3.8"
        },
        "sources": [
            {
                "name": "pypi",
                "url": "https://pypi.org/simple",
                "verify_ssl": true
            }
        ]
    },
    "default": {
        "ailment": {
            "hashes": [
                "sha256:a5979344d1da1891e7160580f7ef1ff2d120b01834ef0520385ba2e24b5241f0",
                "sha256:cdd69d2fe799ba2a42dac2a32e5a4f5e1ffc139e65d9fb30a315568f71c01df0"
            ],
            "markers": "python_full_version >= '3.6.0'",
            "version": "==9.1.11752"
        },
        "angr": {
            "hashes": [
                "sha256:1c82685013bddd2b29d3fab3d1810dbb238145d9195a7bf150615226c0062e5b",
                "sha256:e701a666d715079eb71652baa009581cc3563d804f7d1585b53ac15db2952357",
                "sha256:f0346e22b3e6bd8e9091d2dc7ee752dbe3f6b23d471721745dd07141ff93dd47",
                "sha256:f1a8d1a5412b1312fd6444049958867484b807318fa6f62fb6f051d6f1348f44"
            ],
            "index": "pypi",
            "version": "==9.1.11752"
        },
        "archinfo": {
            "hashes": [
                "sha256:1fff981194b50ecdf84ba068374012da94f862cd166d315b857acee9d458c79a",
                "sha256:f4e2a5bf1684076c0ab06d6a8f9e86965bb057b4511cf1f4d3c68fcdf7416199"
            ],
            "markers": "python_full_version >= '3.6.0'",
            "version": "==9.1.11752"
        },
        "bitstring": {
            "hashes": [
                "sha256:0de167daa6a00c9386255a7cac931b45e6e24e0ad7ea64f1f92a64ac23ad4578",
                "sha256:a5848a3f63111785224dca8bb4c0a75b62ecdef56a042c8d6be74b16f7e860e7",
                "sha256:e3e340e58900a948787a05e8c08772f1ccbe133f6f41fe3f0fa19a18a22bbf4f"
            ],
            "version": "==3.1.9"
        },
        "cachetools": {
            "hashes": [
                "sha256:486471dfa8799eb7ec503a8059e263db000cdda20075ce5e48903087f79d5fd6",
                "sha256:8fecd4203a38af17928be7b90689d8083603073622229ca7077b72d8e5a976e4"
            ],
            "markers": "python_version ~= '3.7'",
            "version": "==5.0.0"
        },
        "capstone": {
            "hashes": [
                "sha256:1e67897ca1802e5e099e050f6e6314d4041f8f65e4839c75a44ef45acd535f9d",
                "sha256:22832b7799bc2fc08555d2ad95d661bd1e84d38e4472b5ddd48555b6c8609e2f",
                "sha256:48f22d674d84f01c2aa7c7dcfe8ba5e4269708ba7463aac9f8df6e9f2bc60740",
                "sha256:4f3ed835371f1c86397c5aa2218e5e1af8679bd6b30457ab7261016d92d118b7",
                "sha256:621d19ec8ea3b6d035cccde9faf3f439aa4f59f170949058c6af741e7ac17fb7",
                "sha256:b6f4fc3a95775415493b09e0f47c4a70cb7bb22e4d5560de32f22fd32f2e5b0f",
                "sha256:c4ea1fc8181e7c56225910abb87d332c9f5ddf7edd21e938285078a04cc94130",
                "sha256:d862f26b55825815fb5574291386c34227d83df95b875cf7228fbaf2640eadcd"
            ],
            "markers": "python_version >= '2.7' and python_version not in '3.0, 3.1, 3.2, 3.3'",
            "version": "==5.0.0rc2"
        },
        "certifi": {
            "hashes": [
                "sha256:78884e7c1d4b00ce3cea67b44566851c4343c120abd683433ce934a68ea58872",
                "sha256:d62a0163eb4c2344ac042ab2bdf75399a71a2d8c7d47eac2e2ee91b9d6339569"
            ],
            "version": "==2021.10.8"
        },
        "cffi": {
            "hashes": [
                "sha256:00c878c90cb53ccfaae6b8bc18ad05d2036553e6d9d1d9dbcf323bbe83854ca3",
                "sha256:0104fb5ae2391d46a4cb082abdd5c69ea4eab79d8d44eaaf79f1b1fd806ee4c2",
                "sha256:06c48159c1abed75c2e721b1715c379fa3200c7784271b3c46df01383b593636",
                "sha256:0808014eb713677ec1292301ea4c81ad277b6cdf2fdd90fd540af98c0b101d20",
                "sha256:10dffb601ccfb65262a27233ac273d552ddc4d8ae1bf93b21c94b8511bffe728",
                "sha256:14cd121ea63ecdae71efa69c15c5543a4b5fbcd0bbe2aad864baca0063cecf27",
                "sha256:17771976e82e9f94976180f76468546834d22a7cc404b17c22df2a2c81db0c66",
                "sha256:181dee03b1170ff1969489acf1c26533710231c58f95534e3edac87fff06c443",
                "sha256:23cfe892bd5dd8941608f93348c0737e369e51c100d03718f108bf1add7bd6d0",
                "sha256:263cc3d821c4ab2213cbe8cd8b355a7f72a8324577dc865ef98487c1aeee2bc7",
                "sha256:2756c88cbb94231c7a147402476be2c4df2f6078099a6f4a480d239a8817ae39",
                "sha256:27c219baf94952ae9d50ec19651a687b826792055353d07648a5695413e0c605",
                "sha256:2a23af14f408d53d5e6cd4e3d9a24ff9e05906ad574822a10563efcef137979a",
                "sha256:31fb708d9d7c3f49a60f04cf5b119aeefe5644daba1cd2a0fe389b674fd1de37",
                "sha256:3415c89f9204ee60cd09b235810be700e993e343a408693e80ce7f6a40108029",
                "sha256:3773c4d81e6e818df2efbc7dd77325ca0dcb688116050fb2b3011218eda36139",
                "sha256:3b96a311ac60a3f6be21d2572e46ce67f09abcf4d09344c49274eb9e0bf345fc",
                "sha256:3f7d084648d77af029acb79a0ff49a0ad7e9d09057a9bf46596dac9514dc07df",
                "sha256:41d45de54cd277a7878919867c0f08b0cf817605e4eb94093e7516505d3c8d14",
                "sha256:4238e6dab5d6a8ba812de994bbb0a79bddbdf80994e4ce802b6f6f3142fcc880",
                "sha256:45db3a33139e9c8f7c09234b5784a5e33d31fd6907800b316decad50af323ff2",
                "sha256:45e8636704eacc432a206ac7345a5d3d2c62d95a507ec70d62f23cd91770482a",
                "sha256:4958391dbd6249d7ad855b9ca88fae690783a6be9e86df65865058ed81fc860e",
                "sha256:4a306fa632e8f0928956a41fa8e1d6243c71e7eb59ffbd165fc0b41e316b2474",
                "sha256:57e9ac9ccc3101fac9d6014fba037473e4358ef4e89f8e181f8951a2c0162024",
                "sha256:59888172256cac5629e60e72e86598027aca6bf01fa2465bdb676d37636573e8",
                "sha256:5e069f72d497312b24fcc02073d70cb989045d1c91cbd53979366077959933e0",
                "sha256:64d4ec9f448dfe041705426000cc13e34e6e5bb13736e9fd62e34a0b0c41566e",
                "sha256:6dc2737a3674b3e344847c8686cf29e500584ccad76204efea14f451d4cc669a",
                "sha256:74fdfdbfdc48d3f47148976f49fab3251e550a8720bebc99bf1483f5bfb5db3e",
                "sha256:75e4024375654472cc27e91cbe9eaa08567f7fbdf822638be2814ce059f58032",
                "sha256:786902fb9ba7433aae840e0ed609f45c7bcd4e225ebb9c753aa39725bb3e6ad6",
                "sha256:8b6c2ea03845c9f501ed1313e78de148cd3f6cad741a75d43a29b43da27f2e1e",
                "sha256:91d77d2a782be4274da750752bb1650a97bfd8f291022b379bb8e01c66b4e96b",
                "sha256:91ec59c33514b7c7559a6acda53bbfe1b283949c34fe7440bcf917f96ac0723e",
                "sha256:920f0d66a896c2d99f0adbb391f990a84091179542c205fa53ce5787aff87954",
                "sha256:a5263e363c27b653a90078143adb3d076c1a748ec9ecc78ea2fb916f9b861962",
                "sha256:abb9a20a72ac4e0fdb50dae135ba5e77880518e742077ced47eb1499e29a443c",
                "sha256:c2051981a968d7de9dd2d7b87bcb9c939c74a34626a6e2f8181455dd49ed69e4",
                "sha256:c21c9e3896c23007803a875460fb786118f0cdd4434359577ea25eb556e34c55",
                "sha256:c2502a1a03b6312837279c8c1bd3ebedf6c12c4228ddbad40912d671ccc8a962",
                "sha256:d4d692a89c5cf08a8557fdeb329b82e7bf609aadfaed6c0d79f5a449a3c7c023",
                "sha256:da5db4e883f1ce37f55c667e5c0de439df76ac4cb55964655906306918e7363c",
                "sha256:e7022a66d9b55e93e1a845d8c9eba2a1bebd4966cd8bfc25d9cd07d515b33fa6",
                "sha256:ef1f279350da2c586a69d32fc8733092fd32cc8ac95139a00377841f59a3f8d8",
                "sha256:f54a64f8b0c8ff0b64d18aa76675262e1700f3995182267998c31ae974fbc382",
                "sha256:f5c7150ad32ba43a07c4479f40241756145a1f03b43480e058cfd862bf5041c7",
                "sha256:f6f824dc3bce0edab5f427efcfb1d63ee75b6fcb7282900ccaf925be84efb0fc",
                "sha256:fd8a250edc26254fe5b33be00402e6d287f562b6a5b2152dec302fa15bb3e997",
                "sha256:ffaa5c925128e29efbde7301d8ecaf35c8c60ffbcd6a1ffd3a552177c8e5e796"
            ],
            "version": "==1.15.0"
        },
        "charset-normalizer": {
            "hashes": [
                "sha256:2857e29ff0d34db842cd7ca3230549d1a697f96ee6d3fb071cfa6c7393832597",
                "sha256:6881edbebdb17b39b4eaaa821b438bf6eddffb4468cf344f09f89def34a8b1df"
            ],
            "markers": "python_version >= '3'",
            "version": "==2.0.12"
        },
        "claripy": {
            "hashes": [
                "sha256:b7f2ee82cc7ca7269c5e5be5944b70b112d45ac163bfee352ddaf7850dc04197",
                "sha256:c9789dba628dec7cda7b9f0338b0df7e39617c53b242bd7d36143050b125d47f"
            ],
            "markers": "python_full_version >= '3.6.0'",
            "version": "==9.1.11752"
        },
        "cle": {
            "hashes": [
                "sha256:01184b3a2b7389cba095a7c3c8021de513eeb06f2529ee76dea5ed6740a636ac",
                "sha256:5b481a5e39050c656375597c907e837762e5c9b94ecff8c84733bf06c75e9f52"
            ],
            "markers": "python_full_version >= '3.6.0'",
            "version": "==9.1.11752"
        },
        "cppheaderparser": {
            "hashes": [
                "sha256:382b30416d95b0a5e8502b214810dcac2a56432917e2651447d3abe253e3cc42"
            ],
            "version": "==2.7.4"
        },
        "decorator": {
            "hashes": [
                "sha256:637996211036b6385ef91435e4fae22989472f9d571faba8927ba8253acbc330",
                "sha256:b8c3f85900b9dc423225913c5aace94729fe1fa9763b38939a95226f02d37186"
            ],
            "markers": "python_version >= '3.5'",
            "version": "==5.1.1"
        },
        "dpkt": {
            "hashes": [
                "sha256:80f977667ebbad2b5c4f7b7f45ee8bea6622fb71723f68a9a8fe6274520c853b",
                "sha256:d7e9ae552d0c44f339b7ca4db728c7202c32cc718cef12dbb8703539b840bb78"
            ],
            "version": "==1.9.7.2"
        },
        "future": {
            "hashes": [
                "sha256:b1bead90b70cf6ec3f0710ae53a525360fa360d306a86583adc6bf83a4db537d"
            ],
            "markers": "python_version >= '2.6' and python_version not in '3.0, 3.1, 3.2, 3.3'",
            "version": "==0.18.2"
        },
        "gitdb": {
            "hashes": [
                "sha256:8033ad4e853066ba6ca92050b9df2f89301b8fc8bf7e9324d412a63f8bf1a8fd",
                "sha256:bac2fd45c0a1c9cf619e63a90d62bdc63892ef92387424b855792a6cabe789aa"
            ],
            "markers": "python_full_version >= '3.6.0'",
            "version": "==4.0.9"
        },
        "gitpython": {
            "hashes": [
                "sha256:1c885ce809e8ba2d88a29befeb385fcea06338d3640712b59ca623c220bb5704",
                "sha256:5b68b000463593e05ff2b261acff0ff0972df8ab1b70d3cdbd41b546c8b8fc3d"
            ],
            "markers": "python_version >= '3.7'",
            "version": "==3.1.27"
        },
        "idna": {
            "hashes": [
                "sha256:84d9dd047ffa80596e0f246e2eab0b391788b0503584e8945f2368256d2735ff",
                "sha256:9d643ff0a55b762d5cdb124b8eaa99c66322e2157b69160bc32796e824360e6d"
            ],
            "markers": "python_version >= '3'",
            "version": "==3.3"
        },
        "itanium-demangler": {
            "hashes": [
                "sha256:bca0fae4cb0ad582a3c7ede97d66b325d13445fdf87c28947233d8559430967c"
            ],
            "version": "==1.0"
        },
        "mpmath": {
            "hashes": [
                "sha256:604bc21bd22d2322a177c73bdb573994ef76e62edd595d17e00aff24b0667e5c",
                "sha256:79ffb45cf9f4b101a807595bcb3e72e0396202e0b1d25d689134b48c4216a81a"
            ],
            "version": "==1.2.1"
        },
        "mulpyplexer": {
            "hashes": [
                "sha256:144e9e9bf66d3988f60542c9d3d4c94857438f7908f60e53f4c1cb1622fbbd30"
            ],
            "version": "==0.9"
        },
        "nampa": {
            "hashes": [
                "sha256:4f7abaa5f9187019117090faf539f128e5fd4f8e021f16f67a22c75afea24e21",
                "sha256:6d436100026d408f8f29b3ae12584205d382ab646be1073120755eea9ec0cc4c"
            ],
            "version": "==0.1.1"
        },
        "networkx": {
            "hashes": [
                "sha256:011e85d277c89681e8fa661cf5ff0743443445049b0b68789ad55ef09340c6e0",
                "sha256:d1194ba753e5eed07cdecd1d23c5cd7a3c772099bd8dbd2fea366788cf4de7ba"
            ],
            "markers": "python_version >= '3.8'",
            "version": "==2.7.1"
        },
        "pefile": {
            "hashes": [
                "sha256:344a49e40a94e10849f0fe34dddc80f773a12b40675bf2f7be4b8be578bdd94a"
            ],
            "markers": "python_full_version >= '3.6.0'",
            "version": "==2021.9.3"
        },
        "plumbum": {
            "hashes": [
                "sha256:0bbf431e31da988405de2fb36c3226f09c0c9cdf69c8480f8997f4b94b7370a1",
                "sha256:0d1bf908076bbd0484d16412479cb97d6843069ee19f99e267e11dd980040523"
            ],
            "markers": "python_version >= '2.7' and python_version not in '3.0, 3.1, 3.2, 3.3, 3.4'",
            "version": "==1.7.2"
        },
        "ply": {
            "hashes": [
                "sha256:00c7c1aaa88358b9c765b6d3000c6eec0ba42abca5351b095321aef446081da3",
                "sha256:096f9b8350b65ebd2fd1346b12452efe5b9607f7482813ffca50c22722a807ce"
            ],
            "version": "==3.11"
        },
        "progressbar2": {
            "hashes": [
                "sha256:14d3165a1781d053ffaa117daf27cc706128d2ec1d2977fdb05b6bb079888013",
                "sha256:2562ba3e554433f08e81fb7b786208b19de135f3ca1c5da1787d9b05558e6247"
            ],
            "markers": "python_version >= '3.7'",
            "version": "==4.0.0"
        },
        "protobuf": {
            "hashes": [
                "sha256:0209bc6805fd41958147d57661675a33b2bab182784728f4afc42ce2e816f227",
                "sha256:07008fc9163c3fb2b127674e647a207f73be83fcc8c315889befc5b7de666d63",
                "sha256:2a54f109e226e887ee57976dae982d7a68715beff2208caeff9d1cf65850769a",
                "sha256:2b521182fb9f4eee819aa304035f597003c33e3dc8cc50e6b3ab5846062a5dee",
                "sha256:3be54d8bf6708086ef29f35db4d0d4e302523c60811e334e3b011e57ebc3000f",
                "sha256:504de18b944724b29abe00aa27acda8077d7fd494dc737bf7697513ce6073adb",
                "sha256:54afd960374ba6a6da4c45bf88a546efe9edb76fa29b25ef352a1614fa042365",
                "sha256:5bbc58e9835d1e85498712c32efc5c259357bde2f8711504e2f6169a2e78691c",
                "sha256:5f5fbdec3104bf526712741881b4fcf40a7fa2e95b6284d14787c2dc17c5ea95",
                "sha256:696642ca02ec407472375fada149fa38c31d53733494235e5430e9c070161a6c",
                "sha256:6c68ef8a07d708faee9593e1e704568b38e15ca280de182f1ee24e8a81ee0891",
                "sha256:736cb735bb652ffb633be3b6c74caab8b0f0a2bfde93527d15b31f0eaf5ffd30",
                "sha256:79463bb565e27c0827a48257bc9ed8f6b8f772788cd4e2c67dbe0bd217f4712f",
                "sha256:7f5566d7abddf092e72c99be98f21bf8a3b60bf747c64c8d6d96897fa586f9ae",
                "sha256:861a5f3ade5ca10c0e00b0f61da6b154ee541214552cf2cfb346f63ceb484a14",
                "sha256:92adb2ae4ae205e75ff5257bce9ad1b5f3383eca2f18b4502deb6662692e2bcf",
                "sha256:a729da811ddff4b4cbdb01b9b23c3f8f0539ce222a0cad6d6be7cc31573fe831",
                "sha256:b0a63371697f497f5b31bdc39f98ea5753438a6bc86375a5df7506e02bd7d2c4",
                "sha256:bb568219d5071efe9a576ff0b551b8dfc3b78c02b59dc23ca11ee4b5b9a09a6d",
                "sha256:bc6a87ed8b5925a7bebe842fb7185831da1d79047afd0620aed2a67aac16b31e",
                "sha256:ce1aeb0e389ef13377d48e7db25159505f40fac9d1aeddd6fcf1396fad391aaa",
                "sha256:e40a97c76b63bdcfe42f40cf46acec7471f324de7efd7687a9bd04ef678e39c6",
                "sha256:f72934e18f6fa8ba9c131a94000b57e88a481ce69b81a33035346ec8d65df1b8",
                "sha256:fa86ea97649a36482eb4a5c01ce30c330288148debebdaf522d78a9744d84876"
            ],
            "markers": "python_version >= '3.7'",
            "version": "==3.20.0rc1"
        },
        "psutil": {
            "hashes": [
                "sha256:072664401ae6e7c1bfb878c65d7282d4b4391f1bc9a56d5e03b5a490403271b5",
                "sha256:1070a9b287846a21a5d572d6dddd369517510b68710fca56b0e9e02fd24bed9a",
                "sha256:1d7b433519b9a38192dfda962dd8f44446668c009833e1429a52424624f408b4",
                "sha256:3151a58f0fbd8942ba94f7c31c7e6b310d2989f4da74fcbf28b934374e9bf841",
                "sha256:32acf55cb9a8cbfb29167cd005951df81b567099295291bcfd1027365b36591d",
                "sha256:3611e87eea393f779a35b192b46a164b1d01167c9d323dda9b1e527ea69d697d",
                "sha256:3d00a664e31921009a84367266b35ba0aac04a2a6cad09c550a89041034d19a0",
                "sha256:4e2fb92e3aeae3ec3b7b66c528981fd327fb93fd906a77215200404444ec1845",
                "sha256:539e429da49c5d27d5a58e3563886057f8fc3868a5547b4f1876d9c0f007bccf",
                "sha256:55ce319452e3d139e25d6c3f85a1acf12d1607ddedea5e35fb47a552c051161b",
                "sha256:58c7d923dc209225600aec73aa2c4ae8ea33b1ab31bc11ef8a5933b027476f07",
                "sha256:7336292a13a80eb93c21f36bde4328aa748a04b68c13d01dfddd67fc13fd0618",
                "sha256:742c34fff804f34f62659279ed5c5b723bb0195e9d7bd9907591de9f8f6558e2",
                "sha256:7641300de73e4909e5d148e90cc3142fb890079e1525a840cf0dfd39195239fd",
                "sha256:76cebf84aac1d6da5b63df11fe0d377b46b7b500d892284068bacccf12f20666",
                "sha256:7779be4025c540d1d65a2de3f30caeacc49ae7a2152108adeaf42c7534a115ce",
                "sha256:7d190ee2eaef7831163f254dc58f6d2e2a22e27382b936aab51c835fc080c3d3",
                "sha256:8293942e4ce0c5689821f65ce6522ce4786d02af57f13c0195b40e1edb1db61d",
                "sha256:869842dbd66bb80c3217158e629d6fceaecc3a3166d3d1faee515b05dd26ca25",
                "sha256:90a58b9fcae2dbfe4ba852b57bd4a1dded6b990a33d6428c7614b7d48eccb492",
                "sha256:9b51917c1af3fa35a3f2dabd7ba96a2a4f19df3dec911da73875e1edaf22a40b",
                "sha256:b2237f35c4bbae932ee98902a08050a27821f8f6dfa880a47195e5993af4702d",
                "sha256:c3400cae15bdb449d518545cbd5b649117de54e3596ded84aacabfbb3297ead2",
                "sha256:c51f1af02334e4b516ec221ee26b8fdf105032418ca5a5ab9737e8c87dafe203",
                "sha256:cb8d10461c1ceee0c25a64f2dd54872b70b89c26419e147a05a10b753ad36ec2",
                "sha256:d62a2796e08dd024b8179bd441cb714e0f81226c352c802fca0fd3f89eeacd94",
                "sha256:df2c8bd48fb83a8408c8390b143c6a6fa10cb1a674ca664954de193fdcab36a9",
                "sha256:e5c783d0b1ad6ca8a5d3e7b680468c9c926b804be83a3a8e95141b05c39c9f64",
                "sha256:e9805fed4f2a81de98ae5fe38b75a74c6e6ad2df8a5c479594c7629a1fe35f56",
                "sha256:ea42d747c5f71b5ccaa6897b216a7dadb9f52c72a0fe2b872ef7d3e1eacf3ba3",
                "sha256:ef216cc9feb60634bda2f341a9559ac594e2eeaadd0ba187a4c2eb5b5d40b91c",
                "sha256:ff0d41f8b3e9ebb6b6110057e40019a432e96aae2008951121ba4e56040b84f3"
            ],
            "markers": "python_version >= '2.6' and python_version not in '3.0, 3.1, 3.2, 3.3'",
            "version": "==5.9.0"
        },
        "pycparser": {
            "hashes": [
                "sha256:8ee45429555515e1f6b185e78100aea234072576aa43ab53aefcae078162fca9",
                "sha256:e644fdec12f7872f86c58ff790da456218b10f863970249516d60a5eaca77206"
            ],
            "markers": "python_version >= '2.7' and python_version not in '3.0, 3.1, 3.2, 3.3'",
            "version": "==2.21"
        },
        "pyelftools": {
            "hashes": [
                "sha256:1509d30756a14a8c9a6670778144fb9a04b311751ddac019dcc0c2f28da03ccc",
                "sha256:53e5609cac016471d40bd88dc410cd90755942c25e58a61021cfdf7abdfeacff"
            ],
            "version": "==0.28"
        },
        "pysmt": {
            "hashes": [
                "sha256:4ec51e21bf24b4d1aae83bf0ef941c93d7d315730f016930d5adfa3eac8c2d33"
            ],
            "version": "==0.9.1.dev139"
        },
        "python-utils": {
            "hashes": [
                "sha256:4dace6420c5f50d6509251fa0aee0e2a0b826bbc8a5d2a6d7e99dca80e78a7f3",
                "sha256:93d9cdc8b8580669eeb4418128b3dfb71118c332fa6fda3f204e7ad4900363f1"
            ],
            "markers": "python_version >= '3.7'",
            "version": "==3.1.0"
        },
        "pyvex": {
            "hashes": [
                "sha256:0c8f8973932d0ddd975df8c80ed3ddf2ab78fde43fde7c1b0d4a9613685a5213",
                "sha256:10796fa7dfb4ed8697de6df8a9c3f2241799b55110f0d24893753cb04c40a17a",
                "sha256:902c95eb00e41b2c27d84d94746663dbd4d5ac62ba578d78c7589cfddb78b13f",
                "sha256:9f4b964e167f5ae8dad797667bbdf98db29dc70c88775b6030b28d1f7367b3b3"
            ],
            "markers": "python_full_version >= '3.6.0'",
            "version": "==9.1.11752"
        },
        "requests": {
            "hashes": [
                "sha256:68d7c56fd5a8999887728ef304a6d12edc7be74f1cfa47714fc8b414525c9a61",
                "sha256:f22fa1e554c9ddfd16e6e41ac79759e17be9e492b3587efa038054674760e72d"
            ],
            "index": "pypi",
            "version": "==2.27.1"
        },
        "rpyc": {
            "hashes": [
                "sha256:e65ac77f6f90b84e11ae7c1503c104b1e1d3d33a30668726821f0ed21c933cba"
            ],
            "markers": "python_version >= '3.7'",
            "version": "==5.1.0"
        },
        "smmap": {
            "hashes": [
                "sha256:2aba19d6a040e78d8b09de5c57e96207b09ed71d8e55ce0959eeee6c8e190d94",
                "sha256:c840e62059cd3be204b0c9c9f74be2c09d5648eddd4580d9314c3ecde0b30936"
            ],
            "markers": "python_full_version >= '3.6.0'",
            "version": "==5.0.0"
        },
        "sortedcontainers": {
            "hashes": [
                "sha256:25caa5a06cc30b6b83d11423433f65d1f9d76c4c6a0c90e3379eaa43b9bfdb88",
                "sha256:a163dcaede0f1c021485e957a39245190e74249897e2ae4b2aa38595db237ee0"
            ],
            "version": "==2.4.0"
        },
        "sympy": {
            "hashes": [
                "sha256:2009368e862cd29f1b568dc6572786371a2faa1cd8eb4d313e11a90195d6ee36",
                "sha256:6cf85a5cfe8fff69553e745b05128de6fc8de8f291965c63871c79701dc6efc9"
            ],
            "markers": "python_version >= '3.7'",
            "version": "==1.10"
        },
        "unicorn": {
            "hashes": [
                "sha256:0f9abf8a0aefe7505cf15e4700c542916d5aa435dc6b12408b3ddcb06f3cb846",
                "sha256:3bc85f19e4eb828e1b0b640d27f1b84ab341505fc57b4955fca8d2847a561a36",
                "sha256:ce999c66ada653052ee92329e68a4a797ee26ea1e503fa3f572dff9aee2c6ca2",
                "sha256:e96f1cc524c94d14efdb2aa18fc144b890ec2515774962be29497e0e1ad7cfd8",
                "sha256:ed2a4960f2760e49e61108478f019f5bf065a342fa506523c69398f2d2bd4781"
            ],
            "version": "==1.0.2rc4"
        },
        "urllib3": {
            "hashes": [
                "sha256:000ca7f471a233c2251c6c7023ee85305721bfdf18621ebff4fd17a8653427ed",
                "sha256:0e7c33d9a63e7ddfcb86780aac87befc2fbddf46c58dbb487e0855f7ceec283c"
            ],
            "markers": "python_version >= '2.7' and python_version not in '3.0, 3.1, 3.2, 3.3, 3.4' and python_version < '4'",
            "version": "==1.26.8"
        },
        "z3-solver": {
            "hashes": [
                "sha256:042773b85b6fc8e5144f4c8ad7d23f1461086fcfdaf0029bc55f1f7d12ae9617",
                "sha256:363f16be972b7b4e498d837840e26165639c180c4b77a9f8c6b1ba90a338cce2",
                "sha256:48f59fad7ed63b172c51ed74137307898a6b7dbc8a5074c0653f4914fe1ebe5f",
                "sha256:ded46ac020e319c03bb597433f451679294ae7adba0151b170fed0d4d973abbe",
                "sha256:f22e306e694d3bd749f17f9518c7c38013c89c89800ace31f9c412d0b1fd30c7"
            ],
            "version": "==4.8.14.0"
        }
    },
    "develop": {}
}
